
Microsoft Visual Studio Solution File, Format Version 11.00
# Visual Studio 2010
Project("{FAE04EC0-301F-11D3-BF4B-00C04F79EFBC}") = "BeamOn 2K", "BeamOn 2K\BeamOn 2K.csproj", "{42BCFC88-A26D-4C82-9F52-199EDF3F1D96}"
EndProject
Project("{FAE04EC0-301F-11D3-BF4B-00C04F79EFBC}") = "BeamOnCL", "BeamOnCL\BeamOnCL.csproj", "{1CFF4952-DBC7-4C41-B34D-D99DB9429EBA}"
EndProject
Project("{FAE04EC0-301F-11D3-BF4B-00C04F79EFBC}") = "PaletteImage", "PaletteImage\PaletteImage.csproj", "{550D144B-6BDE-4EF9-988A-0E816E9DC005}"
EndProject
Project("{FAE04EC0-301F-11D3-BF4B-00C04F79EFBC}") = "OpenGLControl", "OpenGLControl\OpenGLControl.csproj", "{1B277C35-696B-4FDC-B6E4-6EDFD9207228}"
EndProject
Global
	GlobalSection(SolutionConfigurationPlatforms) = preSolution
		Debug|Any CPU = Debug|Any CPU
		Debug|Mixed Platforms = Debug|Mixed Platforms
		Debug|x86 = Debug|x86
		Release|Any CPU = Release|Any CPU
		Release|Mixed Platforms = Release|Mixed Platforms
		Release|x86 = Release|x86
	EndGlobalSection
	GlobalSection(ProjectConfigurationPlatforms) = postSolution
		{42BCFC88-A26D-4C82-9F52-199EDF3F1D96}.Debug|Any CPU.ActiveCfg = Debug|x86
		{42BCFC88-A26D-4C82-9F52-199EDF3F1D96}.Debug|Mixed Platforms.ActiveCfg = Debug|x86
		{42BCFC88-A26D-4C82-9F52-199EDF3F1D96}.Debug|Mixed Platforms.Build.0 = Debug|x86
		{42BCFC88-A26D-4C82-9F52-199EDF3F1D96}.Debug|x86.ActiveCfg = Debug|x86
		{42BCFC88-A26D-4C82-9F52-199EDF3F1D96}.Debug|x86.Build.0 = Debug|x86
		{42BCFC88-A26D-4C82-9F52-199EDF3F1D96}.Release|Any CPU.ActiveCfg = Release|x86
		{42BCFC88-A26D-4C82-9F52-199EDF3F1D96}.Release|Mixed Platforms.ActiveCfg = Release|x86
		{42BCFC88-A26D-4C82-9F52-199EDF3F1D96}.Release|Mixed Platforms.Build.0 = Release|x86
		{42BCFC88-A26D-4C82-9F52-199EDF3F1D96}.Release|x86.ActiveCfg = Release|x86
		{42BCFC88-A26D-4C82-9F52-199EDF3F1D96}.Release|x86.Build.0 = Release|x86
		{1CFF4952-DBC7-4C41-B34D-D99DB9429EBA}.Debug|Any CPU.ActiveCfg = Debug|Any CPU
		{1CFF4952-DBC7-4C41-B34D-D99DB9429EBA}.Debug|Any CPU.Build.0 = Debug|Any CPU
		{1CFF4952-DBC7-4C41-B34D-D99DB9429EBA}.Debug|Mixed Platforms.ActiveCfg = Debug|Any CPU
		{1CFF4952-DBC7-4C41-B34D-D99DB9429EBA}.Debug|Mixed Platforms.Build.0 = Debug|Any CPU
		{1CFF4952-DBC7-4C41-B34D-D99DB9429EBA}.Debug|x86.ActiveCfg = Debug|Any CPU
		{1CFF4952-DBC7-4C41-B34D-D99DB9429EBA}.Release|Any CPU.ActiveCfg = Release|Any CPU
		{1CFF4952-DBC7-4C41-B34D-D99DB9429EBA}.Release|Any CPU.Build.0 = Release|Any CPU
		{1CFF4952-DBC7-4C41-B34D-D99DB9429EBA}.Release|Mixed Platforms.ActiveCfg = Release|Any CPU
		{1CFF4952-DBC7-4C41-B34D-D99DB9429EBA}.Release|Mixed Platforms.Build.0 = Release|Any CPU
		{1CFF4952-DBC7-4C41-B34D-D99DB9429EBA}.Release|x86.ActiveCfg = Release|Any CPU
		{550D144B-6BDE-4EF9-988A-0E816E9DC005}.Debug|Any CPU.ActiveCfg = Debug|Any CPU
		{550D144B-6BDE-4EF9-988A-0E816E9DC005}.Debug|Any CPU.Build.0 = Debug|Any CPU
		{550D144B-6BDE-4EF9-988A-0E816E9DC005}.Debug|Mixed Platforms.ActiveCfg = Debug|Any CPU
		{550D144B-6BDE-4EF9-988A-0E816E9DC005}.Debug|Mixed Platforms.Build.0 = Debug|Any CPU
		{550D144B-6BDE-4EF9-988A-0E816E9DC005}.Debug|x86.ActiveCfg = Debug|Any CPU
		{550D144B-6BDE-4EF9-988A-0E816E9DC005}.Release|Any CPU.ActiveCfg = Release|Any CPU
		{550D144B-6BDE-4EF9-988A-0E816E9DC005}.Release|Any CPU.Build.0 = Release|Any CPU
		{550D144B-6BDE-4EF9-988A-0E816E9DC005}.Release|Mixed Platforms.ActiveCfg = Release|Any CPU
		{550D144B-6BDE-4EF9-988A-0E816E9DC005}.Release|Mixed Platforms.Build.0 = Release|Any CPU
		{550D144B-6BDE-4EF9-988A-0E816E9DC005}.Release|x86.ActiveCfg = Release|Any CPU
		{1B277C35-696B-4FDC-B6E4-6EDFD9207228}.Debug|Any CPU.ActiveCfg = Debug|Any CPU
		{1B277C35-696B-4FDC-B6E4-6EDFD9207228}.Debug|Any CPU.Build.0 = Debug|Any CPU
		{1B277C35-696B-4FDC-B6E4-6EDFD9207228}.Debug|Mixed Platforms.ActiveCfg = Debug|Any CPU
		{1B277C35-696B-4FDC-B6E4-6EDFD9207228}.Debug|Mixed Platforms.Build.0 = Debug|Any CPU
		{1B277C35-696B-4FDC-B6E4-6EDFD9207228}.Debug|x86.ActiveCfg = Debug|Any CPU
		{1B277C35-696B-4FDC-B6E4-6EDFD9207228}.Release|Any CPU.ActiveCfg = Release|Any CPU
		{1B277C35-696B-4FDC-B6E4-6EDFD9207228}.Release|Any CPU.Build.0 = Release|Any CPU
		{1B277C35-696B-4FDC-B6E4-6EDFD9207228}.Release|Mixed Platforms.ActiveCfg = Release|Any CPU
		{1B277C35-696B-4FDC-B6E4-6EDFD9207228}.Release|Mixed Platforms.Build.0 = Release|Any CPU
		{1B277C35-696B-4FDC-B6E4-6EDFD9207228}.Release|x86.ActiveCfg = Release|Any CPU
	EndGlobalSection
	GlobalSection(SolutionProperties) = preSolution
		HideSolutionNode = FALSE
	EndGlobalSection
EndGlobal
